
Microsoft Visual Studio Solution File, Format Version 12.00
# Visual Studio 2013
VisualStudioVersion = 12.0.30501.0
MinimumVisualStudioVersion = 10.0.40219.1
Project("{FAE04EC0-301F-11D3-BF4B-00C04F79EFBC}") = "CityTelephoneNetwork.Data", "CityTelephoneNetwork.Data\CityTelephoneNetwork.Data.csproj", "{82803683-395F-4D58-85F3-C70661716355}"
EndProject
Project("{FAE04EC0-301F-11D3-BF4B-00C04F79EFBC}") = "CityTelephoneNetwork.Logic", "CityTelephoneNetwork.Logic\CityTelephoneNetwork.Logic.csproj", "{A3E8B0DE-8E0B-4035-B163-AB6B6DAB98BF}"
EndProject
Project("{FAE04EC0-301F-11D3-BF4B-00C04F79EFBC}") = "CityTelephoneNetwork.UI", "CityTelephoneNetwork.UI\CityTelephoneNetwork.UI.csproj", "{16966302-E997-4F9A-BD90-68F3871A020E}"
EndProject
Global
	GlobalSection(SolutionConfigurationPlatforms) = preSolution
		Debug|Any CPU = Debug|Any CPU
		Release|Any CPU = Release|Any CPU
	EndGlobalSection
	GlobalSection(ProjectConfigurationPlatforms) = postSolution
		{82803683-395F-4D58-85F3-C70661716355}.Debug|Any CPU.ActiveCfg = Debug|Any CPU
		{82803683-395F-4D58-85F3-C70661716355}.Debug|Any CPU.Build.0 = Debug|Any CPU
		{82803683-395F-4D58-85F3-C70661716355}.Release|Any CPU.ActiveCfg = Release|Any CPU
		{82803683-395F-4D58-85F3-C70661716355}.Release|Any CPU.Build.0 = Release|Any CPU
		{A3E8B0DE-8E0B-4035-B163-AB6B6DAB98BF}.Debug|Any CPU.ActiveCfg = Debug|Any CPU
		{A3E8B0DE-8E0B-4035-B163-AB6B6DAB98BF}.Debug|Any CPU.Build.0 = Debug|Any CPU
		{A3E8B0DE-8E0B-4035-B163-AB6B6DAB98BF}.Release|Any CPU.ActiveCfg = Release|Any CPU
		{A3E8B0DE-8E0B-4035-B163-AB6B6DAB98BF}.Release|Any CPU.Build.0 = Release|Any CPU
		{16966302-E997-4F9A-BD90-68F3871A020E}.Debug|Any CPU.ActiveCfg = Debug|Any CPU
		{16966302-E997-4F9A-BD90-68F3871A020E}.Debug|Any CPU.Build.0 = Debug|Any CPU
		{16966302-E997-4F9A-BD90-68F3871A020E}.Release|Any CPU.ActiveCfg = Release|Any CPU
		{16966302-E997-4F9A-BD90-68F3871A020E}.Release|Any CPU.Build.0 = Release|Any CPU
	EndGlobalSection
	GlobalSection(SolutionProperties) = preSolution
		HideSolutionNode = FALSE
	EndGlobalSection
EndGlobal
